
Microsoft Visual Studio Solution File, Format Version 12.00
# Visual Studio Version 17
VisualStudioVersion = 17.3.32825.248
MinimumVisualStudioVersion = 10.0.40219.1
Project("{FAE04EC0-301F-11D3-BF4B-00C04F79EFBC}") = "Entities", "Entities\Entities.csproj", "{43FE0D21-5A3A-47CA-B969-82293DDDB322}"
EndProject
Project("{FAE04EC0-301F-11D3-BF4B-00C04F79EFBC}") = "Service", "Service\Service.csproj", "{BE4EBDB1-B6DA-4108-A24B-00C0FC1AE210}"
EndProject
Project("{FAE04EC0-301F-11D3-BF4B-00C04F79EFBC}") = "Operation", "Operation\Operation.csproj", "{21D5C27B-D772-42D9-938F-25F15BF98A80}"
EndProject
Project("{FAE04EC0-301F-11D3-BF4B-00C04F79EFBC}") = "Test", "Test\Test.csproj", "{75C643E8-C6CA-4547-B7C5-B288C9097131}"
EndProject
Global
	GlobalSection(SolutionConfigurationPlatforms) = preSolution
		Debug|Any CPU = Debug|Any CPU
		Release|Any CPU = Release|Any CPU
	EndGlobalSection
	GlobalSection(ProjectConfigurationPlatforms) = postSolution
		{43FE0D21-5A3A-47CA-B969-82293DDDB322}.Debug|Any CPU.ActiveCfg = Debug|Any CPU
		{43FE0D21-5A3A-47CA-B969-82293DDDB322}.Debug|Any CPU.Build.0 = Debug|Any CPU
		{43FE0D21-5A3A-47CA-B969-82293DDDB322}.Release|Any CPU.ActiveCfg = Release|Any CPU
		{43FE0D21-5A3A-47CA-B969-82293DDDB322}.Release|Any CPU.Build.0 = Release|Any CPU
		{BE4EBDB1-B6DA-4108-A24B-00C0FC1AE210}.Debug|Any CPU.ActiveCfg = Debug|Any CPU
		{BE4EBDB1-B6DA-4108-A24B-00C0FC1AE210}.Debug|Any CPU.Build.0 = Debug|Any CPU
		{BE4EBDB1-B6DA-4108-A24B-00C0FC1AE210}.Release|Any CPU.ActiveCfg = Release|Any CPU
		{BE4EBDB1-B6DA-4108-A24B-00C0FC1AE210}.Release|Any CPU.Build.0 = Release|Any CPU
		{21D5C27B-D772-42D9-938F-25F15BF98A80}.Debug|Any CPU.ActiveCfg = Debug|Any CPU
		{21D5C27B-D772-42D9-938F-25F15BF98A80}.Debug|Any CPU.Build.0 = Debug|Any CPU
		{21D5C27B-D772-42D9-938F-25F15BF98A80}.Release|Any CPU.ActiveCfg = Release|Any CPU
		{21D5C27B-D772-42D9-938F-25F15BF98A80}.Release|Any CPU.Build.0 = Release|Any CPU
		{75C643E8-C6CA-4547-B7C5-B288C9097131}.Debug|Any CPU.ActiveCfg = Debug|Any CPU
		{75C643E8-C6CA-4547-B7C5-B288C9097131}.Debug|Any CPU.Build.0 = Debug|Any CPU
		{75C643E8-C6CA-4547-B7C5-B288C9097131}.Release|Any CPU.ActiveCfg = Release|Any CPU
		{75C643E8-C6CA-4547-B7C5-B288C9097131}.Release|Any CPU.Build.0 = Release|Any CPU
	EndGlobalSection
	GlobalSection(SolutionProperties) = preSolution
		HideSolutionNode = FALSE
	EndGlobalSection
	GlobalSection(ExtensibilityGlobals) = postSolution
		SolutionGuid = {B7103FFC-7AF9-4559-A7F8-EF33AC4659F2}
	EndGlobalSection
EndGlobal
